// !$*UTF8*$!
{
	archiveVersion = 1;
	classes = {
	};
	objectVersion = 50;
	objects = {

/* Begin PBXBuildFile section */
		EF3B1FB4266EB8DD009382C9 /* AvatarRepository.swift in Sources */ = {isa = PBXBuildFile; fileRef = EF3B1FB3266EB8DD009382C9 /* AvatarRepository.swift */; };
		EF47E7672641C6CA0046EFAA /* PlayerModel.swift in Sources */ = {isa = PBXBuildFile; fileRef = EF47E7662641C6CA0046EFAA /* PlayerModel.swift */; };
		EF4FCB7D26513844002AA76A /* TimmerView.swift in Sources */ = {isa = PBXBuildFile; fileRef = EF4FCB7C26513844002AA76A /* TimmerView.swift */; };
		EF4FCB80265138FF002AA76A /* GameTimer.swift in Sources */ = {isa = PBXBuildFile; fileRef = EF4FCB7F265138FF002AA76A /* GameTimer.swift */; };
		EF600BAF2666A2A70079BE68 /* SaveManager.swift in Sources */ = {isa = PBXBuildFile; fileRef = EF600BAE2666A2A70079BE68 /* SaveManager.swift */; };
		EF656270263B1D7B00C4DE6B /* AppDelegate.swift in Sources */ = {isa = PBXBuildFile; fileRef = EF65626F263B1D7B00C4DE6B /* AppDelegate.swift */; };
		EF656272263B1D7B00C4DE6B /* GarageScene.sks in Resources */ = {isa = PBXBuildFile; fileRef = EF656271263B1D7B00C4DE6B /* GarageScene.sks */; };
		EF656276263B1D7B00C4DE6B /* GarageScene.swift in Sources */ = {isa = PBXBuildFile; fileRef = EF656275263B1D7B00C4DE6B /* GarageScene.swift */; };
		EF656278263B1D7B00C4DE6B /* GameViewController.swift in Sources */ = {isa = PBXBuildFile; fileRef = EF656277263B1D7B00C4DE6B /* GameViewController.swift */; };
		EF65627B263B1D7B00C4DE6B /* Main.storyboard in Resources */ = {isa = PBXBuildFile; fileRef = EF656279263B1D7B00C4DE6B /* Main.storyboard */; };
		EF65627D263B1D7C00C4DE6B /* Assets.xcassets in Resources */ = {isa = PBXBuildFile; fileRef = EF65627C263B1D7C00C4DE6B /* Assets.xcassets */; };
		EF656291263B258500C4DE6B /* GameScene.swift in Sources */ = {isa = PBXBuildFile; fileRef = EF656290263B258500C4DE6B /* GameScene.swift */; };
		EF656295263B25BD00C4DE6B /* GameScene.sks in Resources */ = {isa = PBXBuildFile; fileRef = EF656294263B25BD00C4DE6B /* GameScene.sks */; };
		EF71DE9C26595142006C9F7A /* LaserLines.sks in Resources */ = {isa = PBXBuildFile; fileRef = EF71DE9A26595142006C9F7A /* LaserLines.sks */; };
		EF71DE9D26595142006C9F7A /* Assets.xcassets in Resources */ = {isa = PBXBuildFile; fileRef = EF71DE9B26595142006C9F7A /* Assets.xcassets */; };
		EF71DEA0265977A1006C9F7A /* LineRenderer.swift in Sources */ = {isa = PBXBuildFile; fileRef = EF71DE9F265977A1006C9F7A /* LineRenderer.swift */; };
		EF71DEA4265982DC006C9F7A /* Extensions.swift in Sources */ = {isa = PBXBuildFile; fileRef = EF71DEA3265982DC006C9F7A /* Extensions.swift */; };
		EFA5D87A264FE8CC00752B13 /* PlayerView.swift in Sources */ = {isa = PBXBuildFile; fileRef = EFA5D879264FE8CC00752B13 /* PlayerView.swift */; };
		EFA5D87D264FE96B00752B13 /* UserModel.swift in Sources */ = {isa = PBXBuildFile; fileRef = EFA5D87C264FE96B00752B13 /* UserModel.swift */; };
		EFA5D881264FE9B600752B13 /* MatchManager.swift in Sources */ = {isa = PBXBuildFile; fileRef = EFA5D880264FE9B600752B13 /* MatchManager.swift */; };
		EFA5D886264FEA7900752B13 /* PlayerViewModel.swift in Sources */ = {isa = PBXBuildFile; fileRef = EFA5D885264FEA7900752B13 /* PlayerViewModel.swift */; };
		EFA5D88E2650240000752B13 /* CollisionsManager.swift in Sources */ = {isa = PBXBuildFile; fileRef = EFA5D88D2650240000752B13 /* CollisionsManager.swift */; };
		EFA5D89126502AAB00752B13 /* GameScenePhysicsExtension.swift in Sources */ = {isa = PBXBuildFile; fileRef = EFA5D89026502AAB00752B13 /* GameScenePhysicsExtension.swift */; };
		EFC9A8A52656D75600B98F63 /* IAPManager.swift in Sources */ = {isa = PBXBuildFile; fileRef = EFC9A8A42656D75600B98F63 /* IAPManager.swift */; };
		EFC9A8A92656DF7100B98F63 /* PlayerMovement.swift in Sources */ = {isa = PBXBuildFile; fileRef = EFC9A8A82656DF7100B98F63 /* PlayerMovement.swift */; };
		EFE4248D266D0A0900CCE86F /* HUDView.swift in Sources */ = {isa = PBXBuildFile; fileRef = EFE4248C266D0A0900CCE86F /* HUDView.swift */; };
		EFE42490266D3D7D00CCE86F /* ShopScene.swift in Sources */ = {isa = PBXBuildFile; fileRef = EFE4248F266D3D7D00CCE86F /* ShopScene.swift */; };
		EFE42492266D3D8E00CCE86F /* ShopScene.sks in Resources */ = {isa = PBXBuildFile; fileRef = EFE42491266D3D8E00CCE86F /* ShopScene.sks */; };
/* End PBXBuildFile section */

/* Begin PBXFileReference section */
		EF3B1FB3266EB8DD009382C9 /* AvatarRepository.swift */ = {isa = PBXFileReference; lastKnownFileType = sourcecode.swift; path = AvatarRepository.swift; sourceTree = "<group>"; };
		EF47E7662641C6CA0046EFAA /* PlayerModel.swift */ = {isa = PBXFileReference; lastKnownFileType = sourcecode.swift; path = PlayerModel.swift; sourceTree = "<group>"; };
		EF4FCB7C26513844002AA76A /* TimmerView.swift */ = {isa = PBXFileReference; lastKnownFileType = sourcecode.swift; path = TimmerView.swift; sourceTree = "<group>"; };
		EF4FCB7F265138FF002AA76A /* GameTimer.swift */ = {isa = PBXFileReference; lastKnownFileType = sourcecode.swift; path = GameTimer.swift; sourceTree = "<group>"; };
		EF600BAE2666A2A70079BE68 /* SaveManager.swift */ = {isa = PBXFileReference; lastKnownFileType = sourcecode.swift; path = SaveManager.swift; sourceTree = "<group>"; };
		EF65626C263B1D7B00C4DE6B /* NortLaserRace.app */ = {isa = PBXFileReference; explicitFileType = wrapper.application; includeInIndex = 0; path = NortLaserRace.app; sourceTree = BUILT_PRODUCTS_DIR; };
		EF65626F263B1D7B00C4DE6B /* AppDelegate.swift */ = {isa = PBXFileReference; lastKnownFileType = sourcecode.swift; path = AppDelegate.swift; sourceTree = "<group>"; };
		EF656271263B1D7B00C4DE6B /* GarageScene.sks */ = {isa = PBXFileReference; lastKnownFileType = file.sks; path = GarageScene.sks; sourceTree = "<group>"; };
		EF656275263B1D7B00C4DE6B /* GarageScene.swift */ = {isa = PBXFileReference; lastKnownFileType = sourcecode.swift; path = GarageScene.swift; sourceTree = "<group>"; };
		EF656277263B1D7B00C4DE6B /* GameViewController.swift */ = {isa = PBXFileReference; lastKnownFileType = sourcecode.swift; path = GameViewController.swift; sourceTree = "<group>"; };
		EF65627A263B1D7B00C4DE6B /* Base */ = {isa = PBXFileReference; lastKnownFileType = file.storyboard; name = Base; path = Base.lproj/Main.storyboard; sourceTree = "<group>"; };
		EF65627C263B1D7C00C4DE6B /* Assets.xcassets */ = {isa = PBXFileReference; lastKnownFileType = folder.assetcatalog; path = Assets.xcassets; sourceTree = "<group>"; };
		EF65627E263B1D7C00C4DE6B /* Info.plist */ = {isa = PBXFileReference; lastKnownFileType = text.plist.xml; path = Info.plist; sourceTree = "<group>"; };
		EF656290263B258500C4DE6B /* GameScene.swift */ = {isa = PBXFileReference; lastKnownFileType = sourcecode.swift; path = GameScene.swift; sourceTree = "<group>"; };
		EF656294263B25BD00C4DE6B /* GameScene.sks */ = {isa = PBXFileReference; lastKnownFileType = file.sks; path = GameScene.sks; sourceTree = "<group>"; };
		EF71DE9A26595142006C9F7A /* LaserLines.sks */ = {isa = PBXFileReference; lastKnownFileType = file.sks; path = LaserLines.sks; sourceTree = "<group>"; };
		EF71DE9B26595142006C9F7A /* Assets.xcassets */ = {isa = PBXFileReference; lastKnownFileType = folder.assetcatalog; path = Assets.xcassets; sourceTree = "<group>"; };
		EF71DE9F265977A1006C9F7A /* LineRenderer.swift */ = {isa = PBXFileReference; lastKnownFileType = sourcecode.swift; path = LineRenderer.swift; sourceTree = "<group>"; };
		EF71DEA3265982DC006C9F7A /* Extensions.swift */ = {isa = PBXFileReference; lastKnownFileType = sourcecode.swift; path = Extensions.swift; sourceTree = "<group>"; };
		EFA5D879264FE8CC00752B13 /* PlayerView.swift */ = {isa = PBXFileReference; lastKnownFileType = sourcecode.swift; path = PlayerView.swift; sourceTree = "<group>"; };
		EFA5D87C264FE96B00752B13 /* UserModel.swift */ = {isa = PBXFileReference; lastKnownFileType = sourcecode.swift; path = UserModel.swift; sourceTree = "<group>"; };
		EFA5D880264FE9B600752B13 /* MatchManager.swift */ = {isa = PBXFileReference; lastKnownFileType = sourcecode.swift; path = MatchManager.swift; sourceTree = "<group>"; };
		EFA5D885264FEA7900752B13 /* PlayerViewModel.swift */ = {isa = PBXFileReference; lastKnownFileType = sourcecode.swift; path = PlayerViewModel.swift; sourceTree = "<group>"; };
		EFA5D88D2650240000752B13 /* CollisionsManager.swift */ = {isa = PBXFileReference; lastKnownFileType = sourcecode.swift; path = CollisionsManager.swift; sourceTree = "<group>"; };
		EFA5D89026502AAB00752B13 /* GameScenePhysicsExtension.swift */ = {isa = PBXFileReference; lastKnownFileType = sourcecode.swift; path = GameScenePhysicsExtension.swift; sourceTree = "<group>"; };
		EFC9A8A22656D61700B98F63 /* InAppPurchaseConfiguration.storekit */ = {isa = PBXFileReference; lastKnownFileType = text; path = InAppPurchaseConfiguration.storekit; sourceTree = "<group>"; };
		EFC9A8A42656D75600B98F63 /* IAPManager.swift */ = {isa = PBXFileReference; lastKnownFileType = sourcecode.swift; path = IAPManager.swift; sourceTree = "<group>"; };
		EFC9A8A82656DF7100B98F63 /* PlayerMovement.swift */ = {isa = PBXFileReference; lastKnownFileType = sourcecode.swift; path = PlayerMovement.swift; sourceTree = "<group>"; };
		EFE4248C266D0A0900CCE86F /* HUDView.swift */ = {isa = PBXFileReference; lastKnownFileType = sourcecode.swift; path = HUDView.swift; sourceTree = "<group>"; };
		EFE4248F266D3D7D00CCE86F /* ShopScene.swift */ = {isa = PBXFileReference; lastKnownFileType = sourcecode.swift; path = ShopScene.swift; sourceTree = "<group>"; };
		EFE42491266D3D8E00CCE86F /* ShopScene.sks */ = {isa = PBXFileReference; lastKnownFileType = file.sks; path = ShopScene.sks; sourceTree = "<group>"; };
/* End PBXFileReference section */

/* Begin PBXFrameworksBuildPhase section */
		EF656269263B1D7B00C4DE6B /* Frameworks */ = {
			isa = PBXFrameworksBuildPhase;
			buildActionMask = 2147483647;
			files = (
			);
			runOnlyForDeploymentPostprocessing = 0;
		};
/* End PBXFrameworksBuildPhase section */

/* Begin PBXGroup section */
		EF656263263B1D7B00C4DE6B = {
			isa = PBXGroup;
			children = (
				EF65626E263B1D7B00C4DE6B /* NortLaserRace */,
				EF65626D263B1D7B00C4DE6B /* Products */,
			);
			sourceTree = "<group>";
		};
		EF65626D263B1D7B00C4DE6B /* Products */ = {
			isa = PBXGroup;
			children = (
				EF65626C263B1D7B00C4DE6B /* NortLaserRace.app */,
			);
			name = Products;
			sourceTree = "<group>";
		};
		EF65626E263B1D7B00C4DE6B /* NortLaserRace */ = {
			isa = PBXGroup;
			children = (
				EF71DEA2265982C7006C9F7A /* Extensions */,
				EF71DE9926595129006C9F7A /* Particles */,
				EFA5D884264FEA6100752B13 /* ViewModels */,
				EFA5D87F264FE98C00752B13 /* Systems */,
				EF65628B263B23B600C4DE6B /* SKScenes */,
				EF656286263B1F5A00C4DE6B /* Views */,
				EF656285263B1F5400C4DE6B /* Models */,
				EF65626F263B1D7B00C4DE6B /* AppDelegate.swift */,
				EF656277263B1D7B00C4DE6B /* GameViewController.swift */,
				EF656279263B1D7B00C4DE6B /* Main.storyboard */,
				EF65627C263B1D7C00C4DE6B /* Assets.xcassets */,
				EF65627E263B1D7C00C4DE6B /* Info.plist */,
				EFC9A8A22656D61700B98F63 /* InAppPurchaseConfiguration.storekit */,
			);
			path = NortLaserRace;
			sourceTree = "<group>";
		};
		EF656285263B1F5400C4DE6B /* Models */ = {
			isa = PBXGroup;
			children = (
				EF47E7662641C6CA0046EFAA /* PlayerModel.swift */,
				EFA5D87C264FE96B00752B13 /* UserModel.swift */,
			);
			path = Models;
			sourceTree = "<group>";
		};
		EF656286263B1F5A00C4DE6B /* Views */ = {
			isa = PBXGroup;
			children = (
				EFA5D879264FE8CC00752B13 /* PlayerView.swift */,
				EF4FCB7C26513844002AA76A /* TimmerView.swift */,
				EFE4248C266D0A0900CCE86F /* HUDView.swift */,
			);
			path = Views;
			sourceTree = "<group>";
		};
		EF65628B263B23B600C4DE6B /* SKScenes */ = {
			isa = PBXGroup;
			children = (
				EFE4248E266D3D6700CCE86F /* Shop */,
				EF65628F263B257300C4DE6B /* Game */,
				EF65628C263B23CA00C4DE6B /* Garage */,
			);
			path = SKScenes;
			sourceTree = "<group>";
		};
		EF65628C263B23CA00C4DE6B /* Garage */ = {
			isa = PBXGroup;
			children = (
				EF656271263B1D7B00C4DE6B /* GarageScene.sks */,
				EF656275263B1D7B00C4DE6B /* GarageScene.swift */,
			);
			path = Garage;
			sourceTree = "<group>";
		};
		EF65628F263B257300C4DE6B /* Game */ = {
			isa = PBXGroup;
			children = (
				EF656290263B258500C4DE6B /* GameScene.swift */,
				EF656294263B25BD00C4DE6B /* GameScene.sks */,
				EFA5D89026502AAB00752B13 /* GameScenePhysicsExtension.swift */,
			);
			path = Game;
			sourceTree = "<group>";
		};
		EF71DE9926595129006C9F7A /* Particles */ = {
			isa = PBXGroup;
			children = (
				EF71DE9A26595142006C9F7A /* LaserLines.sks */,
				EF71DE9B26595142006C9F7A /* Assets.xcassets */,
			);
			path = Particles;
			sourceTree = "<group>";
		};
		EF71DEA2265982C7006C9F7A /* Extensions */ = {
			isa = PBXGroup;
			children = (
				EF71DEA3265982DC006C9F7A /* Extensions.swift */,
			);
			path = Extensions;
			sourceTree = "<group>";
		};
		EFA5D87F264FE98C00752B13 /* Systems */ = {
			isa = PBXGroup;
			children = (
				EFA5D880264FE9B600752B13 /* MatchManager.swift */,
				EFA5D88D2650240000752B13 /* CollisionsManager.swift */,
				EFC9A8A42656D75600B98F63 /* IAPManager.swift */,
				EF71DE9F265977A1006C9F7A /* LineRenderer.swift */,
				EF600BAE2666A2A70079BE68 /* SaveManager.swift */,
				EF3B1FB3266EB8DD009382C9 /* AvatarRepository.swift */,
			);
			path = Systems;
			sourceTree = "<group>";
		};
		EFA5D884264FEA6100752B13 /* ViewModels */ = {
			isa = PBXGroup;
			children = (
				EFA5D885264FEA7900752B13 /* PlayerViewModel.swift */,
				EF4FCB7F265138FF002AA76A /* GameTimer.swift */,
				EFC9A8A82656DF7100B98F63 /* PlayerMovement.swift */,
			);
			path = ViewModels;
			sourceTree = "<group>";
		};
		EFE4248E266D3D6700CCE86F /* Shop */ = {
			isa = PBXGroup;
			children = (
				EFE4248F266D3D7D00CCE86F /* ShopScene.swift */,
				EFE42491266D3D8E00CCE86F /* ShopScene.sks */,
			);
			path = Shop;
			sourceTree = "<group>";
		};
/* End PBXGroup section */

/* Begin PBXNativeTarget section */
		EF65626B263B1D7B00C4DE6B /* NortLaserRace */ = {
			isa = PBXNativeTarget;
			buildConfigurationList = EF656281263B1D7C00C4DE6B /* Build configuration list for PBXNativeTarget "NortLaserRace" */;
			buildPhases = (
				EF656268263B1D7B00C4DE6B /* Sources */,
				EF656269263B1D7B00C4DE6B /* Frameworks */,
				EF65626A263B1D7B00C4DE6B /* Resources */,
				EF656288263B20A100C4DE6B /* Run SwiftLint */,
			);
			buildRules = (
			);
			dependencies = (
			);
			name = NortLaserRace;
			productName = NortLaserRace;
			productReference = EF65626C263B1D7B00C4DE6B /* NortLaserRace.app */;
			productType = "com.apple.product-type.application";
		};
/* End PBXNativeTarget section */

/* Begin PBXProject section */
		EF656264263B1D7B00C4DE6B /* Project object */ = {
			isa = PBXProject;
			attributes = {
				LastSwiftUpdateCheck = 1240;
				LastUpgradeCheck = 1240;
				TargetAttributes = {
					EF65626B263B1D7B00C4DE6B = {
						CreatedOnToolsVersion = 12.4;
					};
				};
			};
			buildConfigurationList = EF656267263B1D7B00C4DE6B /* Build configuration list for PBXProject "NortLaserRace" */;
			compatibilityVersion = "Xcode 9.3";
			developmentRegion = en;
			hasScannedForEncodings = 0;
			knownRegions = (
				en,
				Base,
			);
			mainGroup = EF656263263B1D7B00C4DE6B;
			productRefGroup = EF65626D263B1D7B00C4DE6B /* Products */;
			projectDirPath = "";
			projectRoot = "";
			targets = (
				EF65626B263B1D7B00C4DE6B /* NortLaserRace */,
			);
		};
/* End PBXProject section */

/* Begin PBXResourcesBuildPhase section */
		EF65626A263B1D7B00C4DE6B /* Resources */ = {
			isa = PBXResourcesBuildPhase;
			buildActionMask = 2147483647;
			files = (
				EF65627B263B1D7B00C4DE6B /* Main.storyboard in Resources */,
				EFE42492266D3D8E00CCE86F /* ShopScene.sks in Resources */,
				EF656295263B25BD00C4DE6B /* GameScene.sks in Resources */,
				EF656272263B1D7B00C4DE6B /* GarageScene.sks in Resources */,
				EF65627D263B1D7C00C4DE6B /* Assets.xcassets in Resources */,
				EF71DE9D26595142006C9F7A /* Assets.xcassets in Resources */,
				EF71DE9C26595142006C9F7A /* LaserLines.sks in Resources */,
			);
			runOnlyForDeploymentPostprocessing = 0;
		};
/* End PBXResourcesBuildPhase section */

/* Begin PBXShellScriptBuildPhase section */
		EF656288263B20A100C4DE6B /* Run SwiftLint */ = {
			isa = PBXShellScriptBuildPhase;
			buildActionMask = 2147483647;
			files = (
			);
			inputFileListPaths = (
			);
			inputPaths = (
			);
			name = "Run SwiftLint";
			outputFileListPaths = (
			);
			outputPaths = (
			);
			runOnlyForDeploymentPostprocessing = 0;
			shellPath = /bin/sh;
			shellScript = "if which swiftlint >/dev/null; then\n  swiftlint\nelse\n  echo \"warning: SwiftLint not installed, download from https://github.com/realm/SwiftLint\"\nfi\n";
		};
/* End PBXShellScriptBuildPhase section */

/* Begin PBXSourcesBuildPhase section */
		EF656268263B1D7B00C4DE6B /* Sources */ = {
			isa = PBXSourcesBuildPhase;
			buildActionMask = 2147483647;
			files = (
				EFA5D88E2650240000752B13 /* CollisionsManager.swift in Sources */,
				EFA5D886264FEA7900752B13 /* PlayerViewModel.swift in Sources */,
				EF47E7672641C6CA0046EFAA /* PlayerModel.swift in Sources */,
				EFA5D87D264FE96B00752B13 /* UserModel.swift in Sources */,
				EF656276263B1D7B00C4DE6B /* GarageScene.swift in Sources */,
				EF4FCB80265138FF002AA76A /* GameTimer.swift in Sources */,
				EFC9A8A52656D75600B98F63 /* IAPManager.swift in Sources */,
				EFA5D89126502AAB00752B13 /* GameScenePhysicsExtension.swift in Sources */,
				EF656278263B1D7B00C4DE6B /* GameViewController.swift in Sources */,
				EFC9A8A92656DF7100B98F63 /* PlayerMovement.swift in Sources */,
				EFA5D87A264FE8CC00752B13 /* PlayerView.swift in Sources */,
				EF3B1FB4266EB8DD009382C9 /* AvatarRepository.swift in Sources */,
				EF4FCB7D26513844002AA76A /* TimmerView.swift in Sources */,
				EF71DEA0265977A1006C9F7A /* LineRenderer.swift in Sources */,
				EFA5D881264FE9B600752B13 /* MatchManager.swift in Sources */,
				EF71DEA4265982DC006C9F7A /* Extensions.swift in Sources */,
				EF656291263B258500C4DE6B /* GameScene.swift in Sources */,
				EF600BAF2666A2A70079BE68 /* SaveManager.swift in Sources */,
				EF656270263B1D7B00C4DE6B /* AppDelegate.swift in Sources */,
				EFE42490266D3D7D00CCE86F /* ShopScene.swift in Sources */,
				EFE4248D266D0A0900CCE86F /* HUDView.swift in Sources */,
			);
			runOnlyForDeploymentPostprocessing = 0;
		};
/* End PBXSourcesBuildPhase section */

/* Begin PBXVariantGroup section */
		EF656279263B1D7B00C4DE6B /* Main.storyboard */ = {
			isa = PBXVariantGroup;
			children = (
				EF65627A263B1D7B00C4DE6B /* Base */,
			);
			name = Main.storyboard;
			sourceTree = "<group>";
		};
/* End PBXVariantGroup section */

/* Begin XCBuildConfiguration section */
		EF65627F263B1D7C00C4DE6B /* Debug */ = {
			isa = XCBuildConfiguration;
			buildSettings = {
				ALWAYS_SEARCH_USER_PATHS = NO;
				CLANG_ANALYZER_NONNULL = YES;
				CLANG_ANALYZER_NUMBER_OBJECT_CONVERSION = YES_AGGRESSIVE;
				CLANG_CXX_LANGUAGE_STANDARD = "gnu++14";
				CLANG_CXX_LIBRARY = "libc++";
				CLANG_ENABLE_MODULES = YES;
				CLANG_ENABLE_OBJC_ARC = YES;
				CLANG_ENABLE_OBJC_WEAK = YES;
				CLANG_WARN_BLOCK_CAPTURE_AUTORELEASING = YES;
				CLANG_WARN_BOOL_CONVERSION = YES;
				CLANG_WARN_COMMA = YES;
				CLANG_WARN_CONSTANT_CONVERSION = YES;
				CLANG_WARN_DEPRECATED_OBJC_IMPLEMENTATIONS = YES;
				CLANG_WARN_DIRECT_OBJC_ISA_USAGE = YES_ERROR;
				CLANG_WARN_DOCUMENTATION_COMMENTS = YES;
				CLANG_WARN_EMPTY_BODY = YES;
				CLANG_WARN_ENUM_CONVERSION = YES;
				CLANG_WARN_INFINITE_RECURSION = YES;
				CLANG_WARN_INT_CONVERSION = YES;
				CLANG_WARN_NON_LITERAL_NULL_CONVERSION = YES;
				CLANG_WARN_OBJC_IMPLICIT_RETAIN_SELF = YES;
				CLANG_WARN_OBJC_LITERAL_CONVERSION = YES;
				CLANG_WARN_OBJC_ROOT_CLASS = YES_ERROR;
				CLANG_WARN_QUOTED_INCLUDE_IN_FRAMEWORK_HEADER = YES;
				CLANG_WARN_RANGE_LOOP_ANALYSIS = YES;
				CLANG_WARN_STRICT_PROTOTYPES = YES;
				CLANG_WARN_SUSPICIOUS_MOVE = YES;
				CLANG_WARN_UNGUARDED_AVAILABILITY = YES_AGGRESSIVE;
				CLANG_WARN_UNREACHABLE_CODE = YES;
				CLANG_WARN__DUPLICATE_METHOD_MATCH = YES;
				COPY_PHASE_STRIP = NO;
				DEBUG_INFORMATION_FORMAT = dwarf;
				ENABLE_STRICT_OBJC_MSGSEND = YES;
				ENABLE_TESTABILITY = YES;
				GCC_C_LANGUAGE_STANDARD = gnu11;
				GCC_DYNAMIC_NO_PIC = NO;
				GCC_NO_COMMON_BLOCKS = YES;
				GCC_OPTIMIZATION_LEVEL = 0;
				GCC_PREPROCESSOR_DEFINITIONS = (
					"DEBUG=1",
					"$(inherited)",
				);
				GCC_WARN_64_TO_32_BIT_CONVERSION = YES;
				GCC_WARN_ABOUT_RETURN_TYPE = YES_ERROR;
				GCC_WARN_UNDECLARED_SELECTOR = YES;
				GCC_WARN_UNINITIALIZED_AUTOS = YES_AGGRESSIVE;
				GCC_WARN_UNUSED_FUNCTION = YES;
				GCC_WARN_UNUSED_VARIABLE = YES;
				IPHONEOS_DEPLOYMENT_TARGET = 14.4;
				MTL_ENABLE_DEBUG_INFO = INCLUDE_SOURCE;
				MTL_FAST_MATH = YES;
				ONLY_ACTIVE_ARCH = YES;
				SDKROOT = iphoneos;
				SWIFT_ACTIVE_COMPILATION_CONDITIONS = DEBUG;
				SWIFT_OPTIMIZATION_LEVEL = "-Onone";
			};
			name = Debug;
		};
		EF656280263B1D7C00C4DE6B /* Release */ = {
			isa = XCBuildConfiguration;
			buildSettings = {
				ALWAYS_SEARCH_USER_PATHS = NO;
				CLANG_ANALYZER_NONNULL = YES;
				CLANG_ANALYZER_NUMBER_OBJECT_CONVERSION = YES_AGGRESSIVE;
				CLANG_CXX_LANGUAGE_STANDARD = "gnu++14";
				CLANG_CXX_LIBRARY = "libc++";
				CLANG_ENABLE_MODULES = YES;
				CLANG_ENABLE_OBJC_ARC = YES;
				CLANG_ENABLE_OBJC_WEAK = YES;
				CLANG_WARN_BLOCK_CAPTURE_AUTORELEASING = YES;
				CLANG_WARN_BOOL_CONVERSION = YES;
				CLANG_WARN_COMMA = YES;
				CLANG_WARN_CONSTANT_CONVERSION = YES;
				CLANG_WARN_DEPRECATED_OBJC_IMPLEMENTATIONS = YES;
				CLANG_WARN_DIRECT_OBJC_ISA_USAGE = YES_ERROR;
				CLANG_WARN_DOCUMENTATION_COMMENTS = YES;
				CLANG_WARN_EMPTY_BODY = YES;
				CLANG_WARN_ENUM_CONVERSION = YES;
				CLANG_WARN_INFINITE_RECURSION = YES;
				CLANG_WARN_INT_CONVERSION = YES;
				CLANG_WARN_NON_LITERAL_NULL_CONVERSION = YES;
				CLANG_WARN_OBJC_IMPLICIT_RETAIN_SELF = YES;
				CLANG_WARN_OBJC_LITERAL_CONVERSION = YES;
				CLANG_WARN_OBJC_ROOT_CLASS = YES_ERROR;
				CLANG_WARN_QUOTED_INCLUDE_IN_FRAMEWORK_HEADER = YES;
				CLANG_WARN_RANGE_LOOP_ANALYSIS = YES;
				CLANG_WARN_STRICT_PROTOTYPES = YES;
				CLANG_WARN_SUSPICIOUS_MOVE = YES;
				CLANG_WARN_UNGUARDED_AVAILABILITY = YES_AGGRESSIVE;
				CLANG_WARN_UNREACHABLE_CODE = YES;
				CLANG_WARN__DUPLICATE_METHOD_MATCH = YES;
				COPY_PHASE_STRIP = NO;
				DEBUG_INFORMATION_FORMAT = "dwarf-with-dsym";
				ENABLE_NS_ASSERTIONS = NO;
				ENABLE_STRICT_OBJC_MSGSEND = YES;
				GCC_C_LANGUAGE_STANDARD = gnu11;
				GCC_NO_COMMON_BLOCKS = YES;
				GCC_WARN_64_TO_32_BIT_CONVERSION = YES;
				GCC_WARN_ABOUT_RETURN_TYPE = YES_ERROR;
				GCC_WARN_UNDECLARED_SELECTOR = YES;
				GCC_WARN_UNINITIALIZED_AUTOS = YES_AGGRESSIVE;
				GCC_WARN_UNUSED_FUNCTION = YES;
				GCC_WARN_UNUSED_VARIABLE = YES;
				IPHONEOS_DEPLOYMENT_TARGET = 14.4;
				MTL_ENABLE_DEBUG_INFO = NO;
				MTL_FAST_MATH = YES;
				SDKROOT = iphoneos;
				SWIFT_COMPILATION_MODE = wholemodule;
				SWIFT_OPTIMIZATION_LEVEL = "-O";
				VALIDATE_PRODUCT = YES;
			};
			name = Release;
		};
		EF656282263B1D7C00C4DE6B /* Debug */ = {
			isa = XCBuildConfiguration;
			buildSettings = {
				ASSETCATALOG_COMPILER_APPICON_NAME = AppIcon;
				ASSETCATALOG_COMPILER_GLOBAL_ACCENT_COLOR_NAME = AccentColor;
				CODE_SIGN_STYLE = Automatic;
				DEVELOPMENT_TEAM = 47FPBQ95WC;
				INFOPLIST_FILE = NortLaserRace/Info.plist;
				LD_RUNPATH_SEARCH_PATHS = (
					"$(inherited)",
					"@executable_path/Frameworks",
				);
				PRODUCT_BUNDLE_IDENTIFIER = com.blackrefactory.NortLaserRace;
				PRODUCT_NAME = "$(TARGET_NAME)";
				SWIFT_VERSION = 5.0;
				TARGETED_DEVICE_FAMILY = "1,2";
			};
			name = Debug;
		};
		EF656283263B1D7C00C4DE6B /* Release */ = {
			isa = XCBuildConfiguration;
			buildSettings = {
				ASSETCATALOG_COMPILER_APPICON_NAME = AppIcon;
				ASSETCATALOG_COMPILER_GLOBAL_ACCENT_COLOR_NAME = AccentColor;
				CODE_SIGN_STYLE = Automatic;
				DEVELOPMENT_TEAM = 47FPBQ95WC;
				INFOPLIST_FILE = NortLaserRace/Info.plist;
				LD_RUNPATH_SEARCH_PATHS = (
					"$(inherited)",
					"@executable_path/Frameworks",
				);
				PRODUCT_BUNDLE_IDENTIFIER = com.blackrefactory.NortLaserRace;
				PRODUCT_NAME = "$(TARGET_NAME)";
				SWIFT_VERSION = 5.0;
				TARGETED_DEVICE_FAMILY = "1,2";
			};
			name = Release;
		};
/* End XCBuildConfiguration section */

/* Begin XCConfigurationList section */
		EF656267263B1D7B00C4DE6B /* Build configuration list for PBXProject "NortLaserRace" */ = {
			isa = XCConfigurationList;
			buildConfigurations = (
				EF65627F263B1D7C00C4DE6B /* Debug */,
				EF656280263B1D7C00C4DE6B /* Release */,
			);
			defaultConfigurationIsVisible = 0;
			defaultConfigurationName = Release;
		};
		EF656281263B1D7C00C4DE6B /* Build configuration list for PBXNativeTarget "NortLaserRace" */ = {
			isa = XCConfigurationList;
			buildConfigurations = (
				EF656282263B1D7C00C4DE6B /* Debug */,
				EF656283263B1D7C00C4DE6B /* Release */,
			);
			defaultConfigurationIsVisible = 0;
			defaultConfigurationName = Release;
		};
/* End XCConfigurationList section */
	};
	rootObject = EF656264263B1D7B00C4DE6B /* Project object */;
}
